
Microsoft Visual Studio Solution File, Format Version 12.00
# Visual Studio Version 16
VisualStudioVersion = 16.0.31112.23
MinimumVisualStudioVersion = 10.0.40219.1
Project("{FAE04EC0-301F-11D3-BF4B-00C04F79EFBC}") = "WebShopRauf", "WebShopRauf.csproj", "{61904ED3-453C-4AB7-8E7C-7A0E922EBEBD}"
EndProject
Global
	GlobalSection(SolutionConfigurationPlatforms) = preSolution
		Debug|Any CPU = Debug|Any CPU
		Release|Any CPU = Release|Any CPU
	EndGlobalSection
	GlobalSection(ProjectConfigurationPlatforms) = postSolution
		{61904ED3-453C-4AB7-8E7C-7A0E922EBEBD}.Debug|Any CPU.ActiveCfg = Debug|Any CPU
		{61904ED3-453C-4AB7-8E7C-7A0E922EBEBD}.Debug|Any CPU.Build.0 = Debug|Any CPU
		{61904ED3-453C-4AB7-8E7C-7A0E922EBEBD}.Release|Any CPU.ActiveCfg = Release|Any CPU
		{61904ED3-453C-4AB7-8E7C-7A0E922EBEBD}.Release|Any CPU.Build.0 = Release|Any CPU
	EndGlobalSection
	GlobalSection(SolutionProperties) = preSolution
		HideSolutionNode = FALSE
	EndGlobalSection
	GlobalSection(ExtensibilityGlobals) = postSolution
		SolutionGuid = {41115412-31BA-4854-BB55-D82B67826E2A}
	EndGlobalSection
EndGlobal
